{
    "hash": "cc29bd02a98f978ef7c8da043fd4bd52",
    "packages": [
        {
            "package": "doctrine/common",
            "version": "2.3.0"
        },
        {
            "package": "doctrine/data-fixtures",
            "version": "v1.0.0-ALPHA3"
        },
        {
            "package": "doctrine/dbal",
            "version": "2.3.1"
        },
        {
            "package": "doctrine/doctrine-module",
            "version": "0.5.3"
        },
        {
            "package": "doctrine/doctrine-orm-module",
            "version": "dev-master",
            "alias-pretty-version": "0.6.x-dev",
            "alias-version": "0.6.9999999.9999999-dev"
        },
        {
            "package": "doctrine/doctrine-orm-module",
            "version": "dev-master",
            "source-reference": "b2c9507603d4f4442fa1f3ead87e14abb80b8073",
            "commit-date": "1355613846"
        },
        {
            "package": "doctrine/migrations",
            "version": "v1.0-ALPHA1"
        },
        {
            "package": "doctrine/orm",
            "version": "2.3.1"
        },
        {
            "package": "hounddog/doctrine-data-fixture-module",
            "version": "dev-master",
            "source-reference": "df09e679f93cb5b625e47ebb1a6976ca17d1dc0b",
            "commit-date": "1349948281"
        },
        {
            "package": "symfony/console",
            "version": "v2.1.4"
        },
        {
            "package": "zendframework/zendframework",
            "version": "2.0.5"
        }
    ],
    "packages-dev": null,
    "aliases": [

    ],
    "minimum-stability": "alpha",
    "stability-flags": {
        "doctrine/doctrine-orm-module": 20,
        "hounddog/doctrine-data-fixture-module": 20
    }
}
